
Microsoft Visual Studio Solution File, Format Version 12.00
# Visual Studio Version 16
VisualStudioVersion = 16.0.29326.143
MinimumVisualStudioVersion = 10.0.40219.1
Project("{9A19103F-16F7-4668-BE54-9A1E7A4F7556}") = "UnitTestingCourse.Examples", "UnitTestingCourse.Examples\UnitTestingCourse.Examples.csproj", "{C7142DA9-203C-4D67-B30F-EA98FC375BC9}"
EndProject
Project("{FAE04EC0-301F-11D3-BF4B-00C04F79EFBC}") = "Unit.TestingCourseTests", "Unit.TestingCourseTests\Unit.TestingCourseTests.csproj", "{04F4C007-C363-4B0A-99DB-E0D6031A1F22}"
EndProject
Global
	GlobalSection(SolutionConfigurationPlatforms) = preSolution
		Debug|Any CPU = Debug|Any CPU
		Release|Any CPU = Release|Any CPU
	EndGlobalSection
	GlobalSection(ProjectConfigurationPlatforms) = postSolution
		{C7142DA9-203C-4D67-B30F-EA98FC375BC9}.Debug|Any CPU.ActiveCfg = Debug|Any CPU
		{C7142DA9-203C-4D67-B30F-EA98FC375BC9}.Debug|Any CPU.Build.0 = Debug|Any CPU
		{C7142DA9-203C-4D67-B30F-EA98FC375BC9}.Release|Any CPU.ActiveCfg = Release|Any CPU
		{C7142DA9-203C-4D67-B30F-EA98FC375BC9}.Release|Any CPU.Build.0 = Release|Any CPU
		{04F4C007-C363-4B0A-99DB-E0D6031A1F22}.Debug|Any CPU.ActiveCfg = Debug|Any CPU
		{04F4C007-C363-4B0A-99DB-E0D6031A1F22}.Debug|Any CPU.Build.0 = Debug|Any CPU
		{04F4C007-C363-4B0A-99DB-E0D6031A1F22}.Release|Any CPU.ActiveCfg = Release|Any CPU
		{04F4C007-C363-4B0A-99DB-E0D6031A1F22}.Release|Any CPU.Build.0 = Release|Any CPU
	EndGlobalSection
	GlobalSection(SolutionProperties) = preSolution
		HideSolutionNode = FALSE
	EndGlobalSection
	GlobalSection(ExtensibilityGlobals) = postSolution
		SolutionGuid = {924C1A70-FCED-4013-8B9B-8F010E1F75E9}
	EndGlobalSection
EndGlobal
